
Microsoft Visual Studio Solution File, Format Version 12.00
# Visual Studio Version 16
VisualStudioVersion = 16.0.29519.181
MinimumVisualStudioVersion = 10.0.40219.1
Project("{9A19103F-16F7-4668-BE54-9A1E7A4F7556}") = "Practice", "Practice\Practice.csproj", "{A91F4614-EF61-4F63-AD91-4AB8C0D9AE9C}"
EndProject
Project("{9A19103F-16F7-4668-BE54-9A1E7A4F7556}") = "Algorithm", "Algorithm\Algorithm.csproj", "{7BDCC34D-91EC-4E70-8874-482626891133}"
EndProject
Project("{9A19103F-16F7-4668-BE54-9A1E7A4F7556}") = "FlatLand", "FlatLand\FlatLand.csproj", "{5FEF8355-ECB7-43F7-AB79-AEFB88A5DB58}"
EndProject
Project("{2150E333-8FDC-42A3-9474-1A3956D46DE8}") = "Solutions", "Solutions", "{81E0A197-9BD9-4A9E-8E88-799FE6F3DA96}"
EndProject
Project("{9A19103F-16F7-4668-BE54-9A1E7A4F7556}") = "FairRation", "FairRation\FairRation.csproj", "{7B015666-0DA2-4864-8171-AB1543080441}"
EndProject
Project("{9A19103F-16F7-4668-BE54-9A1E7A4F7556}") = "CavityMap", "CavityMap\CavityMap.csproj", "{F1836CFF-888C-4217-843D-F95E8BA4D8F7}"
EndProject
Project("{9A19103F-16F7-4668-BE54-9A1E7A4F7556}") = "SockMerchant", "SockMerchant\SockMerchant.csproj", "{E53D6E29-110C-499B-BF84-56831C1F4F2A}"
EndProject
Project("{9A19103F-16F7-4668-BE54-9A1E7A4F7556}") = "JumpingOnClouds", "JumpingOnClouds\JumpingOnClouds.csproj", "{3798475C-50AB-4C2F-B517-D2795BE3D870}"
EndProject
Project("{9A19103F-16F7-4668-BE54-9A1E7A4F7556}") = "RepeatingString", "RepeatingString\RepeatingString.csproj", "{F03C2AD5-8DC9-4F71-AAD2-C74A2B5A80A8}"
EndProject
Project("{9A19103F-16F7-4668-BE54-9A1E7A4F7556}") = "CountingValleys", "CountingValleys\CountingValleys.csproj", "{8A4CEB52-B359-4CCF-8E7D-157B767983F8}"
EndProject
Project("{9A19103F-16F7-4668-BE54-9A1E7A4F7556}") = "NewYearChaos", "NewYearChaos\NewYearChaos.csproj", "{EF300B5C-F6A7-415D-9241-A32B320CD243}"
EndProject
Project("{9A19103F-16F7-4668-BE54-9A1E7A4F7556}") = "MinimumSwap2", "MinimumSwap2\MinimumSwap2.csproj", "{14071F14-76BF-49EF-9D9E-4E4DBD2B1389}"
EndProject
Project("{9A19103F-16F7-4668-BE54-9A1E7A4F7556}") = "ArrayManipulation", "ArrayManipulation\ArrayManipulation.csproj", "{FE7C2889-86B5-4B09-B1D1-D01848984E15}"
EndProject
Project("{9A19103F-16F7-4668-BE54-9A1E7A4F7556}") = "RansomNote", "RansomNote\RansomNote.csproj", "{094E2D05-BC93-4F4C-830C-6CEC309DF42E}"
EndProject
Project("{FAE04EC0-301F-11D3-BF4B-00C04F79EFBC}") = "TwoStrings", "TwoStrings\TwoStrings.csproj", "{271DB682-96B7-4581-8009-E8FD74A15752}"
EndProject
Project("{FAE04EC0-301F-11D3-BF4B-00C04F79EFBC}") = "RoadsAndLibraries", "RoadsAndLibraries\RoadsAndLibraries.csproj", "{2420D5D7-74D4-4202-9042-853AD9E5C4E8}"
EndProject
Global
	GlobalSection(SolutionConfigurationPlatforms) = preSolution
		Debug|Any CPU = Debug|Any CPU
		Release|Any CPU = Release|Any CPU
	EndGlobalSection
	GlobalSection(ProjectConfigurationPlatforms) = postSolution
		{A91F4614-EF61-4F63-AD91-4AB8C0D9AE9C}.Debug|Any CPU.ActiveCfg = Debug|Any CPU
		{A91F4614-EF61-4F63-AD91-4AB8C0D9AE9C}.Debug|Any CPU.Build.0 = Debug|Any CPU
		{A91F4614-EF61-4F63-AD91-4AB8C0D9AE9C}.Release|Any CPU.ActiveCfg = Release|Any CPU
		{A91F4614-EF61-4F63-AD91-4AB8C0D9AE9C}.Release|Any CPU.Build.0 = Release|Any CPU
		{7BDCC34D-91EC-4E70-8874-482626891133}.Debug|Any CPU.ActiveCfg = Debug|Any CPU
		{7BDCC34D-91EC-4E70-8874-482626891133}.Debug|Any CPU.Build.0 = Debug|Any CPU
		{7BDCC34D-91EC-4E70-8874-482626891133}.Release|Any CPU.ActiveCfg = Release|Any CPU
		{7BDCC34D-91EC-4E70-8874-482626891133}.Release|Any CPU.Build.0 = Release|Any CPU
		{5FEF8355-ECB7-43F7-AB79-AEFB88A5DB58}.Debug|Any CPU.ActiveCfg = Debug|Any CPU
		{5FEF8355-ECB7-43F7-AB79-AEFB88A5DB58}.Debug|Any CPU.Build.0 = Debug|Any CPU
		{5FEF8355-ECB7-43F7-AB79-AEFB88A5DB58}.Release|Any CPU.ActiveCfg = Release|Any CPU
		{5FEF8355-ECB7-43F7-AB79-AEFB88A5DB58}.Release|Any CPU.Build.0 = Release|Any CPU
		{7B015666-0DA2-4864-8171-AB1543080441}.Debug|Any CPU.ActiveCfg = Debug|Any CPU
		{7B015666-0DA2-4864-8171-AB1543080441}.Debug|Any CPU.Build.0 = Debug|Any CPU
		{7B015666-0DA2-4864-8171-AB1543080441}.Release|Any CPU.ActiveCfg = Release|Any CPU
		{7B015666-0DA2-4864-8171-AB1543080441}.Release|Any CPU.Build.0 = Release|Any CPU
		{F1836CFF-888C-4217-843D-F95E8BA4D8F7}.Debug|Any CPU.ActiveCfg = Debug|Any CPU
		{F1836CFF-888C-4217-843D-F95E8BA4D8F7}.Debug|Any CPU.Build.0 = Debug|Any CPU
		{F1836CFF-888C-4217-843D-F95E8BA4D8F7}.Release|Any CPU.ActiveCfg = Release|Any CPU
		{F1836CFF-888C-4217-843D-F95E8BA4D8F7}.Release|Any CPU.Build.0 = Release|Any CPU
		{E53D6E29-110C-499B-BF84-56831C1F4F2A}.Debug|Any CPU.ActiveCfg = Debug|Any CPU
		{E53D6E29-110C-499B-BF84-56831C1F4F2A}.Debug|Any CPU.Build.0 = Debug|Any CPU
		{E53D6E29-110C-499B-BF84-56831C1F4F2A}.Release|Any CPU.ActiveCfg = Release|Any CPU
		{E53D6E29-110C-499B-BF84-56831C1F4F2A}.Release|Any CPU.Build.0 = Release|Any CPU
		{3798475C-50AB-4C2F-B517-D2795BE3D870}.Debug|Any CPU.ActiveCfg = Debug|Any CPU
		{3798475C-50AB-4C2F-B517-D2795BE3D870}.Debug|Any CPU.Build.0 = Debug|Any CPU
		{3798475C-50AB-4C2F-B517-D2795BE3D870}.Release|Any CPU.ActiveCfg = Release|Any CPU
		{3798475C-50AB-4C2F-B517-D2795BE3D870}.Release|Any CPU.Build.0 = Release|Any CPU
		{F03C2AD5-8DC9-4F71-AAD2-C74A2B5A80A8}.Debug|Any CPU.ActiveCfg = Debug|Any CPU
		{F03C2AD5-8DC9-4F71-AAD2-C74A2B5A80A8}.Debug|Any CPU.Build.0 = Debug|Any CPU
		{F03C2AD5-8DC9-4F71-AAD2-C74A2B5A80A8}.Release|Any CPU.ActiveCfg = Release|Any CPU
		{F03C2AD5-8DC9-4F71-AAD2-C74A2B5A80A8}.Release|Any CPU.Build.0 = Release|Any CPU
		{8A4CEB52-B359-4CCF-8E7D-157B767983F8}.Debug|Any CPU.ActiveCfg = Debug|Any CPU
		{8A4CEB52-B359-4CCF-8E7D-157B767983F8}.Debug|Any CPU.Build.0 = Debug|Any CPU
		{8A4CEB52-B359-4CCF-8E7D-157B767983F8}.Release|Any CPU.ActiveCfg = Release|Any CPU
		{8A4CEB52-B359-4CCF-8E7D-157B767983F8}.Release|Any CPU.Build.0 = Release|Any CPU
		{EF300B5C-F6A7-415D-9241-A32B320CD243}.Debug|Any CPU.ActiveCfg = Debug|Any CPU
		{EF300B5C-F6A7-415D-9241-A32B320CD243}.Debug|Any CPU.Build.0 = Debug|Any CPU
		{EF300B5C-F6A7-415D-9241-A32B320CD243}.Release|Any CPU.ActiveCfg = Release|Any CPU
		{EF300B5C-F6A7-415D-9241-A32B320CD243}.Release|Any CPU.Build.0 = Release|Any CPU
		{14071F14-76BF-49EF-9D9E-4E4DBD2B1389}.Debug|Any CPU.ActiveCfg = Debug|Any CPU
		{14071F14-76BF-49EF-9D9E-4E4DBD2B1389}.Debug|Any CPU.Build.0 = Debug|Any CPU
		{14071F14-76BF-49EF-9D9E-4E4DBD2B1389}.Release|Any CPU.ActiveCfg = Release|Any CPU
		{14071F14-76BF-49EF-9D9E-4E4DBD2B1389}.Release|Any CPU.Build.0 = Release|Any CPU
		{FE7C2889-86B5-4B09-B1D1-D01848984E15}.Debug|Any CPU.ActiveCfg = Debug|Any CPU
		{FE7C2889-86B5-4B09-B1D1-D01848984E15}.Debug|Any CPU.Build.0 = Debug|Any CPU
		{FE7C2889-86B5-4B09-B1D1-D01848984E15}.Release|Any CPU.ActiveCfg = Release|Any CPU
		{FE7C2889-86B5-4B09-B1D1-D01848984E15}.Release|Any CPU.Build.0 = Release|Any CPU
		{094E2D05-BC93-4F4C-830C-6CEC309DF42E}.Debug|Any CPU.ActiveCfg = Debug|Any CPU
		{094E2D05-BC93-4F4C-830C-6CEC309DF42E}.Debug|Any CPU.Build.0 = Debug|Any CPU
		{094E2D05-BC93-4F4C-830C-6CEC309DF42E}.Release|Any CPU.ActiveCfg = Release|Any CPU
		{094E2D05-BC93-4F4C-830C-6CEC309DF42E}.Release|Any CPU.Build.0 = Release|Any CPU
		{271DB682-96B7-4581-8009-E8FD74A15752}.Debug|Any CPU.ActiveCfg = Debug|Any CPU
		{271DB682-96B7-4581-8009-E8FD74A15752}.Debug|Any CPU.Build.0 = Debug|Any CPU
		{271DB682-96B7-4581-8009-E8FD74A15752}.Release|Any CPU.ActiveCfg = Release|Any CPU
		{271DB682-96B7-4581-8009-E8FD74A15752}.Release|Any CPU.Build.0 = Release|Any CPU
		{2420D5D7-74D4-4202-9042-853AD9E5C4E8}.Debug|Any CPU.ActiveCfg = Debug|Any CPU
		{2420D5D7-74D4-4202-9042-853AD9E5C4E8}.Debug|Any CPU.Build.0 = Debug|Any CPU
		{2420D5D7-74D4-4202-9042-853AD9E5C4E8}.Release|Any CPU.ActiveCfg = Release|Any CPU
		{2420D5D7-74D4-4202-9042-853AD9E5C4E8}.Release|Any CPU.Build.0 = Release|Any CPU
	EndGlobalSection
	GlobalSection(SolutionProperties) = preSolution
		HideSolutionNode = FALSE
	EndGlobalSection
	GlobalSection(NestedProjects) = preSolution
		{5FEF8355-ECB7-43F7-AB79-AEFB88A5DB58} = {81E0A197-9BD9-4A9E-8E88-799FE6F3DA96}
		{7B015666-0DA2-4864-8171-AB1543080441} = {81E0A197-9BD9-4A9E-8E88-799FE6F3DA96}
		{F1836CFF-888C-4217-843D-F95E8BA4D8F7} = {81E0A197-9BD9-4A9E-8E88-799FE6F3DA96}
		{E53D6E29-110C-499B-BF84-56831C1F4F2A} = {81E0A197-9BD9-4A9E-8E88-799FE6F3DA96}
		{3798475C-50AB-4C2F-B517-D2795BE3D870} = {81E0A197-9BD9-4A9E-8E88-799FE6F3DA96}
		{F03C2AD5-8DC9-4F71-AAD2-C74A2B5A80A8} = {81E0A197-9BD9-4A9E-8E88-799FE6F3DA96}
		{8A4CEB52-B359-4CCF-8E7D-157B767983F8} = {81E0A197-9BD9-4A9E-8E88-799FE6F3DA96}
		{EF300B5C-F6A7-415D-9241-A32B320CD243} = {81E0A197-9BD9-4A9E-8E88-799FE6F3DA96}
		{14071F14-76BF-49EF-9D9E-4E4DBD2B1389} = {81E0A197-9BD9-4A9E-8E88-799FE6F3DA96}
		{FE7C2889-86B5-4B09-B1D1-D01848984E15} = {81E0A197-9BD9-4A9E-8E88-799FE6F3DA96}
		{094E2D05-BC93-4F4C-830C-6CEC309DF42E} = {81E0A197-9BD9-4A9E-8E88-799FE6F3DA96}
		{271DB682-96B7-4581-8009-E8FD74A15752} = {81E0A197-9BD9-4A9E-8E88-799FE6F3DA96}
		{2420D5D7-74D4-4202-9042-853AD9E5C4E8} = {81E0A197-9BD9-4A9E-8E88-799FE6F3DA96}
	EndGlobalSection
	GlobalSection(ExtensibilityGlobals) = postSolution
		SolutionGuid = {E868F3E5-4777-4B81-9A4D-48B974653FDE}
	EndGlobalSection
EndGlobal
